hash: 9e195b68a8de8a714634f78a3d092b9c9f39c32de0d2e46e06575755e868c7d3
updated: 2020-05-28T17:37:07.648798-04:00
imports:
- name: github.com/fsnotify/fsnotify
  version: 45d7d09e39ef4ac08d493309fa031790c15bfe8a
- name: github.com/konsorten/go-windows-terminal-sequences
  version: edb144dfd453055e1e49a3d8b410a660b5a87613
- name: github.com/lyft/gostats
  version: d95cbc015671ba6dfa360b998633121f816281d5
- name: github.com/sirupsen/logrus
  version: 60c74ad9be0d874af0ab0daef6ab07c5c5911f0d
- name: golang.org/x/sys
  version: 05986578812163b26672dabd9b425240ae2bb0ad
  subpackages:
  - internal/unsafeheader
  - unix
testImports:
- name: github.com/davecgh/go-spew
  version: 6d212800a42e8ab5c146b8ace3490ee17e5225f9
  subpackages:
  - spew
- name: github.com/pmezard/go-difflib
  version: d8ed2627bdf02c080bf22230dbb337003b7aba2d
  subpackages:
  - difflib
- name: github.com/stretchr/testify
  version: 69483b4bd14f5845b5a1e55bca19e954e827f1d0
  subpackages:
  - assert
  - require
